// !$*UTF8*$!
{
	archiveVersion = 1;
	classes = {
	};
	objectVersion = 77;
	objects = {

/* Begin PBXContainerItemProxy section */
		FB989D852C9CDE4600D5B19C /* PBXContainerItemProxy */ = {
			isa = PBXContainerItemProxy;
			containerPortal = FB989D672C9CDE4400D5B19C /* Project object */;
			proxyType = 1;
			remoteGlobalIDString = FB989D6E2C9CDE4400D5B19C;
			remoteInfo = ConnectingToHC08;
		};
		FB989D8F2C9CDE4600D5B19C /* PBXContainerItemProxy */ = {
			isa = PBXContainerItemProxy;
			containerPortal = FB989D672C9CDE4400D5B19C /* Project object */;
			proxyType = 1;
			remoteGlobalIDString = FB989D6E2C9CDE4400D5B19C;
			remoteInfo = ConnectingToHC08;
		};
/* End PBXContainerItemProxy section */

/* Begin PBXFileReference section */
		FB989D6F2C9CDE4400D5B19C /* ConnectingToHC08.app */ = {isa = PBXFileReference; explicitFileType = wrapper.application; includeInIndex = 0; path = ConnectingToHC08.app; sourceTree = BUILT_PRODUCTS_DIR; };
		FB989D842C9CDE4600D5B19C /* ConnectingToHC08Tests.xctest */ = {isa = PBXFileReference; explicitFileType = wrapper.cfbundle; includeInIndex = 0; path = ConnectingToHC08Tests.xctest; sourceTree = BUILT_PRODUCTS_DIR; };
		FB989D8E2C9CDE4600D5B19C /* ConnectingToHC08UITests.xctest */ = {isa = PBXFileReference; explicitFileType = wrapper.cfbundle; includeInIndex = 0; path = ConnectingToHC08UITests.xctest; sourceTree = BUILT_PRODUCTS_DIR; };
/* End PBXFileReference section */

/* Begin PBXFileSystemSynchronizedRootGroup section */
		FB989D712C9CDE4400D5B19C /* ConnectingToHC08 */ = {
			isa = PBXFileSystemSynchronizedRootGroup;
			path = ConnectingToHC08;
			sourceTree = "<group>";
		};
		FB989D872C9CDE4600D5B19C /* ConnectingToHC08Tests */ = {
			isa = PBXFileSystemSynchronizedRootGroup;
			path = ConnectingToHC08Tests;
			sourceTree = "<group>";
		};
		FB989D912C9CDE4600D5B19C /* ConnectingToHC08UITests */ = {
			isa = PBXFileSystemSynchronizedRootGroup;
			path = ConnectingToHC08UITests;
			sourceTree = "<group>";
		};
/* End PBXFileSystemSynchronizedRootGroup section */

/* Begin PBXFrameworksBuildPhase section */
		FB989D6C2C9CDE4400D5B19C /* Frameworks */ = {
			isa = PBXFrameworksBuildPhase;
			buildActionMask = 2147483647;
			files = (
			);
			runOnlyForDeploymentPostprocessing = 0;
		};
		FB989D812C9CDE4600D5B19C /* Frameworks */ = {
			isa = PBXFrameworksBuildPhase;
			buildActionMask = 2147483647;
			files = (
			);
			runOnlyForDeploymentPostprocessing = 0;
		};
		FB989D8B2C9CDE4600D5B19C /* Frameworks */ = {
			isa = PBXFrameworksBuildPhase;
			buildActionMask = 2147483647;
			files = (
			);
			runOnlyForDeploymentPostprocessing = 0;
		};
/* End PBXFrameworksBuildPhase section */

/* Begin PBXGroup section */
		FB989D662C9CDE4400D5B19C = {
			isa = PBXGroup;
			children = (
				FB989D712C9CDE4400D5B19C /* ConnectingToHC08 */,
				FB989D872C9CDE4600D5B19C /* ConnectingToHC08Tests */,
				FB989D912C9CDE4600D5B19C /* ConnectingToHC08UITests */,
				FB989D702C9CDE4400D5B19C /* Products */,
			);
			sourceTree = "<group>";
		};
		FB989D702C9CDE4400D5B19C /* Products */ = {
			isa = PBXGroup;
			children = (
				FB989D6F2C9CDE4400D5B19C /* ConnectingToHC08.app */,
				FB989D842C9CDE4600D5B19C /* ConnectingToHC08Tests.xctest */,
				FB989D8E2C9CDE4600D5B19C /* ConnectingToHC08UITests.xctest */,
			);
			name = Products;
			sourceTree = "<group>";
		};
/* End PBXGroup section */

/* Begin PBXNativeTarget section */
		FB989D6E2C9CDE4400D5B19C /* ConnectingToHC08 */ = {
			isa = PBXNativeTarget;
			buildConfigurationList = FB989D982C9CDE4600D5B19C /* Build configuration list for PBXNativeTarget "ConnectingToHC08" */;
			buildPhases = (
				FB989D6B2C9CDE4400D5B19C /* Sources */,
				FB989D6C2C9CDE4400D5B19C /* Frameworks */,
				FB989D6D2C9CDE4400D5B19C /* Resources */,
			);
			buildRules = (
			);
			dependencies = (
			);
			fileSystemSynchronizedGroups = (
				FB989D712C9CDE4400D5B19C /* ConnectingToHC08 */,
			);
			name = ConnectingToHC08;
			packageProductDependencies = (
			);
			productName = ConnectingToHC08;
			productReference = FB989D6F2C9CDE4400D5B19C /* ConnectingToHC08.app */;
			productType = "com.apple.product-type.application";
		};
		FB989D832C9CDE4600D5B19C /* ConnectingToHC08Tests */ = {
			isa = PBXNativeTarget;
			buildConfigurationList = FB989D9B2C9CDE4600D5B19C /* Build configuration list for PBXNativeTarget "ConnectingToHC08Tests" */;
			buildPhases = (
				FB989D802C9CDE4600D5B19C /* Sources */,
				FB989D812C9CDE4600D5B19C /* Frameworks */,
				FB989D822C9CDE4600D5B19C /* Resources */,
			);
			buildRules = (
			);
			dependencies = (
				FB989D862C9CDE4600D5B19C /* PBXTargetDependency */,
			);
			fileSystemSynchronizedGroups = (
				FB989D872C9CDE4600D5B19C /* ConnectingToHC08Tests */,
			);
			name = ConnectingToHC08Tests;
			packageProductDependencies = (
			);
			productName = ConnectingToHC08Tests;
			productReference = FB989D842C9CDE4600D5B19C /* ConnectingToHC08Tests.xctest */;
			productType = "com.apple.product-type.bundle.unit-test";
		};
		FB989D8D2C9CDE4600D5B19C /* ConnectingToHC08UITests */ = {
			isa = PBXNativeTarget;
			buildConfigurationList = FB989D9E2C9CDE4600D5B19C /* Build configuration list for PBXNativeTarget "ConnectingToHC08UITests" */;
			buildPhases = (
				FB989D8A2C9CDE4600D5B19C /* Sources */,
				FB989D8B2C9CDE4600D5B19C /* Frameworks */,
				FB989D8C2C9CDE4600D5B19C /* Resources */,
			);
			buildRules = (
			);
			dependencies = (
				FB989D902C9CDE4600D5B19C /* PBXTargetDependency */,
			);
			fileSystemSynchronizedGroups = (
				FB989D912C9CDE4600D5B19C /* ConnectingToHC08UITests */,
			);
			name = ConnectingToHC08UITests;
			packageProductDependencies = (
			);
			productName = ConnectingToHC08UITests;
			productReference = FB989D8E2C9CDE4600D5B19C /* ConnectingToHC08UITests.xctest */;
			productType = "com.apple.product-type.bundle.ui-testing";
		};
/* End PBXNativeTarget section */

/* Begin PBXProject section */
		FB989D672C9CDE4400D5B19C /* Project object */ = {
			isa = PBXProject;
			attributes = {
				BuildIndependentTargetsInParallel = 1;
				LastSwiftUpdateCheck = 1600;
				LastUpgradeCheck = 1600;
				TargetAttributes = {
					FB989D6E2C9CDE4400D5B19C = {
						CreatedOnToolsVersion = 16.0;
					};
					FB989D832C9CDE4600D5B19C = {
						CreatedOnToolsVersion = 16.0;
						TestTargetID = FB989D6E2C9CDE4400D5B19C;
					};
					FB989D8D2C9CDE4600D5B19C = {
						CreatedOnToolsVersion = 16.0;
						TestTargetID = FB989D6E2C9CDE4400D5B19C;
					};
				};
			};
			buildConfigurationList = FB989D6A2C9CDE4400D5B19C /* Build configuration list for PBXProject "ConnectingToHC08" */;
			developmentRegion = en;
			hasScannedForEncodings = 0;
			knownRegions = (
				en,
				Base,
			);
			mainGroup = FB989D662C9CDE4400D5B19C;
			minimizedProjectReferenceProxies = 1;
			preferredProjectObjectVersion = 77;
			productRefGroup = FB989D702C9CDE4400D5B19C /* Products */;
			projectDirPath = "";
			projectRoot = "";
			targets = (
				FB989D6E2C9CDE4400D5B19C /* ConnectingToHC08 */,
				FB989D832C9CDE4600D5B19C /* ConnectingToHC08Tests */,
				FB989D8D2C9CDE4600D5B19C /* ConnectingToHC08UITests */,
			);
		};
/* End PBXProject section */

/* Begin PBXResourcesBuildPhase section */
		FB989D6D2C9CDE4400D5B19C /* Resources */ = {
			isa = PBXResourcesBuildPhase;
			buildActionMask = 2147483647;
			files = (
			);
			runOnlyForDeploymentPostprocessing = 0;
		};
		FB989D822C9CDE4600D5B19C /* Resources */ = {
			isa = PBXResourcesBuildPhase;
			buildActionMask = 2147483647;
			files = (
			);
			runOnlyForDeploymentPostprocessing = 0;
		};
		FB989D8C2C9CDE4600D5B19C /* Resources */ = {
			isa = PBXResourcesBuildPhase;
			buildActionMask = 2147483647;
			files = (
			);
			runOnlyForDeploymentPostprocessing = 0;
		};
/* End PBXResourcesBuildPhase section */

/* Begin PBXSourcesBuildPhase section */
		FB989D6B2C9CDE4400D5B19C /* Sources */ = {
			isa = PBXSourcesBuildPhase;
			buildActionMask = 2147483647;
			files = (
			);
			runOnlyForDeploymentPostprocessing = 0;
		};
		FB989D802C9CDE4600D5B19C /* Sources */ = {
			isa = PBXSourcesBuildPhase;
			buildActionMask = 2147483647;
			files = (
			);
			runOnlyForDeploymentPostprocessing = 0;
		};
		FB989D8A2C9CDE4600D5B19C /* Sources */ = {
			isa = PBXSourcesBuildPhase;
			buildActionMask = 2147483647;
			files = (
			);
			runOnlyForDeploymentPostprocessing = 0;
		};
/* End PBXSourcesBuildPhase section */

/* Begin PBXTargetDependency section */
		FB989D862C9CDE4600D5B19C /* PBXTargetDependency */ = {
			isa = PBXTargetDependency;
			target = FB989D6E2C9CDE4400D5B19C /* ConnectingToHC08 */;
			targetProxy = FB989D852C9CDE4600D5B19C /* PBXContainerItemProxy */;
		};
		FB989D902C9CDE4600D5B19C /* PBXTargetDependency */ = {
			isa = PBXTargetDependency;
			target = FB989D6E2C9CDE4400D5B19C /* ConnectingToHC08 */;
			targetProxy = FB989D8F2C9CDE4600D5B19C /* PBXContainerItemProxy */;
		};
/* End PBXTargetDependency section */

/* Begin XCBuildConfiguration section */
		FB989D962C9CDE4600D5B19C /* Debug */ = {
			isa = XCBuildConfiguration;
			buildSettings = {
				ALWAYS_SEARCH_USER_PATHS = NO;
				ASSETCATALOG_COMPILER_GENERATE_SWIFT_ASSET_SYMBOL_EXTENSIONS = YES;
				CLANG_ANALYZER_NONNULL = YES;
				CLANG_ANALYZER_NUMBER_OBJECT_CONVERSION = YES_AGGRESSIVE;
				CLANG_CXX_LANGUAGE_STANDARD = "gnu++20";
				CLANG_ENABLE_MODULES = YES;
				CLANG_ENABLE_OBJC_ARC = YES;
				CLANG_ENABLE_OBJC_WEAK = YES;
				CLANG_WARN_BLOCK_CAPTURE_AUTORELEASING = YES;
				CLANG_WARN_BOOL_CONVERSION = YES;
				CLANG_WARN_COMMA = YES;
				CLANG_WARN_CONSTANT_CONVERSION = YES;
				CLANG_WARN_DEPRECATED_OBJC_IMPLEMENTATIONS = YES;
				CLANG_WARN_DIRECT_OBJC_ISA_USAGE = YES_ERROR;
				CLANG_WARN_DOCUMENTATION_COMMENTS = YES;
				CLANG_WARN_EMPTY_BODY = YES;
				CLANG_WARN_ENUM_CONVERSION = YES;
				CLANG_WARN_INFINITE_RECURSION = YES;
				CLANG_WARN_INT_CONVERSION = YES;
				CLANG_WARN_NON_LITERAL_NULL_CONVERSION = YES;
				CLANG_WARN_OBJC_IMPLICIT_RETAIN_SELF = YES;
				CLANG_WARN_OBJC_LITERAL_CONVERSION = YES;
				CLANG_WARN_OBJC_ROOT_CLASS = YES_ERROR;
				CLANG_WARN_QUOTED_INCLUDE_IN_FRAMEWORK_HEADER = YES;
				CLANG_WARN_RANGE_LOOP_ANALYSIS = YES;
				CLANG_WARN_STRICT_PROTOTYPES = YES;
				CLANG_WARN_SUSPICIOUS_MOVE = YES;
				CLANG_WARN_UNGUARDED_AVAILABILITY = YES_AGGRESSIVE;
				CLANG_WARN_UNREACHABLE_CODE = YES;
				CLANG_WARN__DUPLICATE_METHOD_MATCH = YES;
				COPY_PHASE_STRIP = NO;
				DEBUG_INFORMATION_FORMAT = dwarf;
				ENABLE_STRICT_OBJC_MSGSEND = YES;
				ENABLE_TESTABILITY = YES;
				ENABLE_USER_SCRIPT_SANDBOXING = YES;
				GCC_C_LANGUAGE_STANDARD = gnu17;
				GCC_DYNAMIC_NO_PIC = NO;
				GCC_NO_COMMON_BLOCKS = YES;
				GCC_OPTIMIZATION_LEVEL = 0;
				GCC_PREPROCESSOR_DEFINITIONS = (
					"DEBUG=1",
					"$(inherited)",
				);
				GCC_WARN_64_TO_32_BIT_CONVERSION = YES;
				GCC_WARN_ABOUT_RETURN_TYPE = YES_ERROR;
				GCC_WARN_UNDECLARED_SELECTOR = YES;
				GCC_WARN_UNINITIALIZED_AUTOS = YES_AGGRESSIVE;
				GCC_WARN_UNUSED_FUNCTION = YES;
				GCC_WARN_UNUSED_VARIABLE = YES;
				IPHONEOS_DEPLOYMENT_TARGET = 18.0;
				LOCALIZATION_PREFERS_STRING_CATALOGS = YES;
				MTL_ENABLE_DEBUG_INFO = INCLUDE_SOURCE;
				MTL_FAST_MATH = YES;
				ONLY_ACTIVE_ARCH = YES;
				SDKROOT = iphoneos;
				SWIFT_ACTIVE_COMPILATION_CONDITIONS = "DEBUG $(inherited)";
				SWIFT_OPTIMIZATION_LEVEL = "-Onone";
			};
			name = Debug;
		};
		FB989D972C9CDE4600D5B19C /* Release */ = {
			isa = XCBuildConfiguration;
			buildSettings = {
				ALWAYS_SEARCH_USER_PATHS = NO;
				ASSETCATALOG_COMPILER_GENERATE_SWIFT_ASSET_SYMBOL_EXTENSIONS = YES;
				CLANG_ANALYZER_NONNULL = YES;
				CLANG_ANALYZER_NUMBER_OBJECT_CONVERSION = YES_AGGRESSIVE;
				CLANG_CXX_LANGUAGE_STANDARD = "gnu++20";
				CLANG_ENABLE_MODULES = YES;
				CLANG_ENABLE_OBJC_ARC = YES;
				CLANG_ENABLE_OBJC_WEAK = YES;
				CLANG_WARN_BLOCK_CAPTURE_AUTORELEASING = YES;
				CLANG_WARN_BOOL_CONVERSION = YES;
				CLANG_WARN_COMMA = YES;
				CLANG_WARN_CONSTANT_CONVERSION = YES;
				CLANG_WARN_DEPRECATED_OBJC_IMPLEMENTATIONS = YES;
				CLANG_WARN_DIRECT_OBJC_ISA_USAGE = YES_ERROR;
				CLANG_WARN_DOCUMENTATION_COMMENTS = YES;
				CLANG_WARN_EMPTY_BODY = YES;
				CLANG_WARN_ENUM_CONVERSION = YES;
				CLANG_WARN_INFINITE_RECURSION = YES;
				CLANG_WARN_INT_CONVERSION = YES;
				CLANG_WARN_NON_LITERAL_NULL_CONVERSION = YES;
				CLANG_WARN_OBJC_IMPLICIT_RETAIN_SELF = YES;
				CLANG_WARN_OBJC_LITERAL_CONVERSION = YES;
				CLANG_WARN_OBJC_ROOT_CLASS = YES_ERROR;
				CLANG_WARN_QUOTED_INCLUDE_IN_FRAMEWORK_HEADER = YES;
				CLANG_WARN_RANGE_LOOP_ANALYSIS = YES;
				CLANG_WARN_STRICT_PROTOTYPES = YES;
				CLANG_WARN_SUSPICIOUS_MOVE = YES;
				CLANG_WARN_UNGUARDED_AVAILABILITY = YES_AGGRESSIVE;
				CLANG_WARN_UNREACHABLE_CODE = YES;
				CLANG_WARN__DUPLICATE_METHOD_MATCH = YES;
				COPY_PHASE_STRIP = NO;
				DEBUG_INFORMATION_FORMAT = "dwarf-with-dsym";
				ENABLE_NS_ASSERTIONS = NO;
				ENABLE_STRICT_OBJC_MSGSEND = YES;
				ENABLE_USER_SCRIPT_SANDBOXING = YES;
				GCC_C_LANGUAGE_STANDARD = gnu17;
				GCC_NO_COMMON_BLOCKS = YES;
				GCC_WARN_64_TO_32_BIT_CONVERSION = YES;
				GCC_WARN_ABOUT_RETURN_TYPE = YES_ERROR;
				GCC_WARN_UNDECLARED_SELECTOR = YES;
				GCC_WARN_UNINITIALIZED_AUTOS = YES_AGGRESSIVE;
				GCC_WARN_UNUSED_FUNCTION = YES;
				GCC_WARN_UNUSED_VARIABLE = YES;
				IPHONEOS_DEPLOYMENT_TARGET = 18.0;
				LOCALIZATION_PREFERS_STRING_CATALOGS = YES;
				MTL_ENABLE_DEBUG_INFO = NO;
				MTL_FAST_MATH = YES;
				SDKROOT = iphoneos;
				SWIFT_COMPILATION_MODE = wholemodule;
				VALIDATE_PRODUCT = YES;
			};
			name = Release;
		};
		FB989D992C9CDE4600D5B19C /* Debug */ = {
			isa = XCBuildConfiguration;
			buildSettings = {
				ASSETCATALOG_COMPILER_APPICON_NAME = AppIcon;
				ASSETCATALOG_COMPILER_GLOBAL_ACCENT_COLOR_NAME = AccentColor;
				CODE_SIGN_STYLE = Automatic;
				CURRENT_PROJECT_VERSION = 1;
				DEVELOPMENT_ASSET_PATHS = "\"ConnectingToHC08/Preview Content\"";
				DEVELOPMENT_TEAM = G82J2A5RFG;
				ENABLE_PREVIEWS = YES;
				GENERATE_INFOPLIST_FILE = YES;
				INFOPLIST_KEY_CFBundleDisplayName = Embarcados;
				INFOPLIST_KEY_NSBluetoothAlwaysUsageDescription = "Allow to connect to HC08";
				INFOPLIST_KEY_NSBluetoothPeripheralUsageDescription = "Allow to connect to HC08";
				INFOPLIST_KEY_UIApplicationSceneManifest_Generation = YES;
				INFOPLIST_KEY_UIApplicationSupportsIndirectInputEvents = YES;
				INFOPLIST_KEY_UILaunchScreen_Generation = YES;
				INFOPLIST_KEY_UISupportedInterfaceOrientations_iPad = "UIInterfaceOrientationPortrait UIInterfaceOrientationPortraitUpsideDown UIInterfaceOrientationLandscapeLeft UIInterfaceOrientationLandscapeRight";
				INFOPLIST_KEY_UISupportedInterfaceOrientations_iPhone = "UIInterfaceOrientationPortrait UIInterfaceOrientationLandscapeLeft UIInterfaceOrientationLandscapeRight";
				IPHONEOS_DEPLOYMENT_TARGET = 16.0;
				LD_RUNPATH_SEARCH_PATHS = (
					"$(inherited)",
					"@executable_path/Frameworks",
				);
				MARKETING_VERSION = 1.0;
				PRODUCT_BUNDLE_IDENTIFIER = luissiqueira.ConnectingToHC08;
				PRODUCT_NAME = "$(TARGET_NAME)";
				SWIFT_EMIT_LOC_STRINGS = YES;
				SWIFT_VERSION = 5.0;
				TARGETED_DEVICE_FAMILY = "1,2";
			};
			name = Debug;
		};
		FB989D9A2C9CDE4600D5B19C /* Release */ = {
			isa = XCBuildConfiguration;
			buildSettings = {
				ASSETCATALOG_COMPILER_APPICON_NAME = AppIcon;
				ASSETCATALOG_COMPILER_GLOBAL_ACCENT_COLOR_NAME = AccentColor;
				CODE_SIGN_STYLE = Automatic;
				CURRENT_PROJECT_VERSION = 1;
				DEVELOPMENT_ASSET_PATHS = "\"ConnectingToHC08/Preview Content\"";
				DEVELOPMENT_TEAM = G82J2A5RFG;
				ENABLE_PREVIEWS = YES;
				GENERATE_INFOPLIST_FILE = YES;
				INFOPLIST_KEY_CFBundleDisplayName = Embarcados;
				INFOPLIST_KEY_NSBluetoothAlwaysUsageDescription = "Allow to connect to HC08";
				INFOPLIST_KEY_NSBluetoothPeripheralUsageDescription = "Allow to connect to HC08";
				INFOPLIST_KEY_UIApplicationSceneManifest_Generation = YES;
				INFOPLIST_KEY_UIApplicationSupportsIndirectInputEvents = YES;
				INFOPLIST_KEY_UILaunchScreen_Generation = YES;
				INFOPLIST_KEY_UISupportedInterfaceOrientations_iPad = "UIInterfaceOrientationPortrait UIInterfaceOrientationPortraitUpsideDown UIInterfaceOrientationLandscapeLeft UIInterfaceOrientationLandscapeRight";
				INFOPLIST_KEY_UISupportedInterfaceOrientations_iPhone = "UIInterfaceOrientationPortrait UIInterfaceOrientationLandscapeLeft UIInterfaceOrientationLandscapeRight";
				IPHONEOS_DEPLOYMENT_TARGET = 16.0;
				LD_RUNPATH_SEARCH_PATHS = (
					"$(inherited)",
					"@executable_path/Frameworks",
				);
				MARKETING_VERSION = 1.0;
				PRODUCT_BUNDLE_IDENTIFIER = luissiqueira.ConnectingToHC08;
				PRODUCT_NAME = "$(TARGET_NAME)";
				SWIFT_EMIT_LOC_STRINGS = YES;
				SWIFT_VERSION = 5.0;
				TARGETED_DEVICE_FAMILY = "1,2";
			};
			name = Release;
		};
		FB989D9C2C9CDE4600D5B19C /* Debug */ = {
			isa = XCBuildConfiguration;
			buildSettings = {
				BUNDLE_LOADER = "$(TEST_HOST)";
				CODE_SIGN_STYLE = Automatic;
				CURRENT_PROJECT_VERSION = 1;
				DEVELOPMENT_TEAM = G82J2A5RFG;
				GENERATE_INFOPLIST_FILE = YES;
				IPHONEOS_DEPLOYMENT_TARGET = 18.0;
				MARKETING_VERSION = 1.0;
				PRODUCT_BUNDLE_IDENTIFIER = luissiqueira.ConnectingToHC08Tests;
				PRODUCT_NAME = "$(TARGET_NAME)";
				SWIFT_EMIT_LOC_STRINGS = NO;
				SWIFT_VERSION = 5.0;
				TARGETED_DEVICE_FAMILY = "1,2";
				TEST_HOST = "$(BUILT_PRODUCTS_DIR)/ConnectingToHC08.app/$(BUNDLE_EXECUTABLE_FOLDER_PATH)/ConnectingToHC08";
			};
			name = Debug;
		};
		FB989D9D2C9CDE4600D5B19C /* Release */ = {
			isa = XCBuildConfiguration;
			buildSettings = {
				BUNDLE_LOADER = "$(TEST_HOST)";
				CODE_SIGN_STYLE = Automatic;
				CURRENT_PROJECT_VERSION = 1;
				DEVELOPMENT_TEAM = G82J2A5RFG;
				GENERATE_INFOPLIST_FILE = YES;
				IPHONEOS_DEPLOYMENT_TARGET = 18.0;
				MARKETING_VERSION = 1.0;
				PRODUCT_BUNDLE_IDENTIFIER = luissiqueira.ConnectingToHC08Tests;
				PRODUCT_NAME = "$(TARGET_NAME)";
				SWIFT_EMIT_LOC_STRINGS = NO;
				SWIFT_VERSION = 5.0;
				TARGETED_DEVICE_FAMILY = "1,2";
				TEST_HOST = "$(BUILT_PRODUCTS_DIR)/ConnectingToHC08.app/$(BUNDLE_EXECUTABLE_FOLDER_PATH)/ConnectingToHC08";
			};
			name = Release;
		};
		FB989D9F2C9CDE4600D5B19C /* Debug */ = {
			isa = XCBuildConfiguration;
			buildSettings = {
				CODE_SIGN_STYLE = Automatic;
				CURRENT_PROJECT_VERSION = 1;
				DEVELOPMENT_TEAM = G82J2A5RFG;
				GENERATE_INFOPLIST_FILE = YES;
				MARKETING_VERSION = 1.0;
				PRODUCT_BUNDLE_IDENTIFIER = luissiqueira.ConnectingToHC08UITests;
				PRODUCT_NAME = "$(TARGET_NAME)";
				SWIFT_EMIT_LOC_STRINGS = NO;
				SWIFT_VERSION = 5.0;
				TARGETED_DEVICE_FAMILY = "1,2";
				TEST_TARGET_NAME = ConnectingToHC08;
			};
			name = Debug;
		};
		FB989DA02C9CDE4600D5B19C /* Release */ = {
			isa = XCBuildConfiguration;
			buildSettings = {
				CODE_SIGN_STYLE = Automatic;
				CURRENT_PROJECT_VERSION = 1;
				DEVELOPMENT_TEAM = G82J2A5RFG;
				GENERATE_INFOPLIST_FILE = YES;
				MARKETING_VERSION = 1.0;
				PRODUCT_BUNDLE_IDENTIFIER = luissiqueira.ConnectingToHC08UITests;
				PRODUCT_NAME = "$(TARGET_NAME)";
				SWIFT_EMIT_LOC_STRINGS = NO;
				SWIFT_VERSION = 5.0;
				TARGETED_DEVICE_FAMILY = "1,2";
				TEST_TARGET_NAME = ConnectingToHC08;
			};
			name = Release;
		};
/* End XCBuildConfiguration section */

/* Begin XCConfigurationList section */
		FB989D6A2C9CDE4400D5B19C /* Build configuration list for PBXProject "ConnectingToHC08" */ = {
			isa = XCConfigurationList;
			buildConfigurations = (
				FB989D962C9CDE4600D5B19C /* Debug */,
				FB989D972C9CDE4600D5B19C /* Release */,
			);
			defaultConfigurationIsVisible = 0;
			defaultConfigurationName = Release;
		};
		FB989D982C9CDE4600D5B19C /* Build configuration list for PBXNativeTarget "ConnectingToHC08" */ = {
			isa = XCConfigurationList;
			buildConfigurations = (
				FB989D992C9CDE4600D5B19C /* Debug */,
				FB989D9A2C9CDE4600D5B19C /* Release */,
			);
			defaultConfigurationIsVisible = 0;
			defaultConfigurationName = Release;
		};
		FB989D9B2C9CDE4600D5B19C /* Build configuration list for PBXNativeTarget "ConnectingToHC08Tests" */ = {
			isa = XCConfigurationList;
			buildConfigurations = (
				FB989D9C2C9CDE4600D5B19C /* Debug */,
				FB989D9D2C9CDE4600D5B19C /* Release */,
			);
			defaultConfigurationIsVisible = 0;
			defaultConfigurationName = Release;
		};
		FB989D9E2C9CDE4600D5B19C /* Build configuration list for PBXNativeTarget "ConnectingToHC08UITests" */ = {
			isa = XCConfigurationList;
			buildConfigurations = (
				FB989D9F2C9CDE4600D5B19C /* Debug */,
				FB989DA02C9CDE4600D5B19C /* Release */,
			);
			defaultConfigurationIsVisible = 0;
			defaultConfigurationName = Release;
		};
/* End XCConfigurationList section */
	};
	rootObject = FB989D672C9CDE4400D5B19C /* Project object */;
}
